
Microsoft Visual Studio Solution File, Format Version 12.00
# Visual Studio Version 17
VisualStudioVersion = 17.1.32228.430
MinimumVisualStudioVersion = 10.0.40219.1
Project("{FAE04EC0-301F-11D3-BF4B-00C04F79EFBC}") = "OopsAssignment", "OopsAssignment\OopsAssignment.csproj", "{A5D705A4-792F-4922-BC99-EB1072DF62EE}"
EndProject
Global
	GlobalSection(SolutionConfigurationPlatforms) = preSolution
		Debug|Any CPU = Debug|Any CPU
		Release|Any CPU = Release|Any CPU
	EndGlobalSection
	GlobalSection(ProjectConfigurationPlatforms) = postSolution
		{A5D705A4-792F-4922-BC99-EB1072DF62EE}.Debug|Any CPU.ActiveCfg = Debug|Any CPU
		{A5D705A4-792F-4922-BC99-EB1072DF62EE}.Debug|Any CPU.Build.0 = Debug|Any CPU
		{A5D705A4-792F-4922-BC99-EB1072DF62EE}.Release|Any CPU.ActiveCfg = Release|Any CPU
		{A5D705A4-792F-4922-BC99-EB1072DF62EE}.Release|Any CPU.Build.0 = Release|Any CPU
	EndGlobalSection
	GlobalSection(SolutionProperties) = preSolution
		HideSolutionNode = FALSE
	EndGlobalSection
	GlobalSection(ExtensibilityGlobals) = postSolution
		SolutionGuid = {03AA5F43-C372-4E2C-A4DE-A0A28FDD2CA6}
	EndGlobalSection
EndGlobal
